{
  "requires": true,
  "lockfileVersion": 1,
  "dependencies": {
    "quaternion": {
      "version": "1.3.0",
      "resolved": "https://registry.npmjs.org/quaternion/-/quaternion-1.3.0.tgz",
      "integrity": "sha512-coQibSIeF3/95qH6sWnWOWoqybSOsQfPeEJhz3rebAO1lAzuXJIJxno5+D+ymX61yImxAUkeCMMozm74kjHCaA=="
    },
    "three": {
      "version": "0.139.0",
      "resolved": "https://registry.npmjs.org/three/-/three-0.139.0.tgz",
      "integrity": "sha512-hZ4LkCjgoEM82WLaOVptDKGpB3SkEyuJP2OHe36AFO8hS2I6CrEiNanXj7wwR3wIPT7V5wi5Y5pFnncS5SVHgQ=="
    },
    "trackball": {
      "version": "1.0.0",
      "resolved": "https://registry.npmjs.org/trackball/-/trackball-1.0.0.tgz",
      "integrity": "sha512-9UsIc6rd/LTB4cxWd7k/IhA3tqvenDQOc2TamN/TcBbFr/mbPx5t4KKdZCLKriCv/8nQ3Z/pQz+UUpCUx5VEBA==",
      "requires": {
        "quaternion": "*"
      }
    }
  }
}
